
Microsoft Visual Studio Solution File, Format Version 12.00
# Visual Studio Version 17
VisualStudioVersion = 17.0.31903.59
MinimumVisualStudioVersion = 10.0.40219.1
Project("{9A19103F-16F7-4668-BE54-9A1E7A4F7556}") = "DataLayer", "DataLayer\DataLayer.csproj", "{FDC9041B-6B4E-45E8-960F-1DCC4AE9042C}"
EndProject
Project("{9A19103F-16F7-4668-BE54-9A1E7A4F7556}") = "Tester", "Tester\Tester.csproj", "{1C0DA47F-28B6-4111-A0E6-E76A8E9FBF8B}"
EndProject
Project("{9A19103F-16F7-4668-BE54-9A1E7A4F7556}") = "CustomerClient", "CustomerClient\CustomerClient.csproj", "{EF66FDA7-017E-4216-88EE-9866F969664B}"
EndProject
Project("{9A19103F-16F7-4668-BE54-9A1E7A4F7556}") = "AdminClient", "AdminClient\AdminClient.csproj", "{30C16A25-8A9E-4D7F-AD20-29C831C5A8AF}"
EndProject
Project("{9A19103F-16F7-4668-BE54-9A1E7A4F7556}") = "RestaurantClient", "RestaurantClient\RestaurantClient.csproj", "{C67B6E1E-7F2E-4AFD-B031-F6AC2BDDF9FE}"
EndProject
Project("{2150E333-8FDC-42A3-9474-1A3956D46DE8}") = "Frontend", "Frontend", "{0E19631D-A415-40FC-AC18-20667DE70B78}"
EndProject
Project("{2150E333-8FDC-42A3-9474-1A3956D46DE8}") = "Rapport", "Rapport", "{32B21410-4364-4B8C-AA9B-A1695964E8B2}"
	ProjectSection(SolutionItems) = preProject
		[Jeanette_Ljungkvist].md = [Jeanette_Ljungkvist].md
		SofiiaLöf.md = SofiiaLöf.md
	EndProjectSection
EndProject
Global
	GlobalSection(SolutionConfigurationPlatforms) = preSolution
		Debug|Any CPU = Debug|Any CPU
		Release|Any CPU = Release|Any CPU
	EndGlobalSection
	GlobalSection(ProjectConfigurationPlatforms) = postSolution
		{FDC9041B-6B4E-45E8-960F-1DCC4AE9042C}.Debug|Any CPU.ActiveCfg = Debug|Any CPU
		{FDC9041B-6B4E-45E8-960F-1DCC4AE9042C}.Debug|Any CPU.Build.0 = Debug|Any CPU
		{FDC9041B-6B4E-45E8-960F-1DCC4AE9042C}.Release|Any CPU.ActiveCfg = Release|Any CPU
		{FDC9041B-6B4E-45E8-960F-1DCC4AE9042C}.Release|Any CPU.Build.0 = Release|Any CPU
		{1C0DA47F-28B6-4111-A0E6-E76A8E9FBF8B}.Debug|Any CPU.ActiveCfg = Debug|Any CPU
		{1C0DA47F-28B6-4111-A0E6-E76A8E9FBF8B}.Debug|Any CPU.Build.0 = Debug|Any CPU
		{1C0DA47F-28B6-4111-A0E6-E76A8E9FBF8B}.Release|Any CPU.ActiveCfg = Release|Any CPU
		{1C0DA47F-28B6-4111-A0E6-E76A8E9FBF8B}.Release|Any CPU.Build.0 = Release|Any CPU
		{EF66FDA7-017E-4216-88EE-9866F969664B}.Debug|Any CPU.ActiveCfg = Debug|Any CPU
		{EF66FDA7-017E-4216-88EE-9866F969664B}.Debug|Any CPU.Build.0 = Debug|Any CPU
		{EF66FDA7-017E-4216-88EE-9866F969664B}.Release|Any CPU.ActiveCfg = Release|Any CPU
		{EF66FDA7-017E-4216-88EE-9866F969664B}.Release|Any CPU.Build.0 = Release|Any CPU
		{30C16A25-8A9E-4D7F-AD20-29C831C5A8AF}.Debug|Any CPU.ActiveCfg = Debug|Any CPU
		{30C16A25-8A9E-4D7F-AD20-29C831C5A8AF}.Debug|Any CPU.Build.0 = Debug|Any CPU
		{30C16A25-8A9E-4D7F-AD20-29C831C5A8AF}.Release|Any CPU.ActiveCfg = Release|Any CPU
		{30C16A25-8A9E-4D7F-AD20-29C831C5A8AF}.Release|Any CPU.Build.0 = Release|Any CPU
		{C67B6E1E-7F2E-4AFD-B031-F6AC2BDDF9FE}.Debug|Any CPU.ActiveCfg = Debug|Any CPU
		{C67B6E1E-7F2E-4AFD-B031-F6AC2BDDF9FE}.Debug|Any CPU.Build.0 = Debug|Any CPU
		{C67B6E1E-7F2E-4AFD-B031-F6AC2BDDF9FE}.Release|Any CPU.ActiveCfg = Release|Any CPU
		{C67B6E1E-7F2E-4AFD-B031-F6AC2BDDF9FE}.Release|Any CPU.Build.0 = Release|Any CPU
	EndGlobalSection
	GlobalSection(SolutionProperties) = preSolution
		HideSolutionNode = FALSE
	EndGlobalSection
	GlobalSection(NestedProjects) = preSolution
		{EF66FDA7-017E-4216-88EE-9866F969664B} = {0E19631D-A415-40FC-AC18-20667DE70B78}
		{30C16A25-8A9E-4D7F-AD20-29C831C5A8AF} = {0E19631D-A415-40FC-AC18-20667DE70B78}
		{C67B6E1E-7F2E-4AFD-B031-F6AC2BDDF9FE} = {0E19631D-A415-40FC-AC18-20667DE70B78}
	EndGlobalSection
	GlobalSection(ExtensibilityGlobals) = postSolution
		SolutionGuid = {8870876D-E4AD-4B6C-9334-56E8CB36A389}
	EndGlobalSection
EndGlobal
